lockfileVersion: '9.0'

settings:
  autoInstallPeers: true
  excludeLinksFromLockfile: false

importers:

  .:
    devDependencies:
      '@types/node':
        specifier: ^26.2.0
        version: 26.2.0
      turbo:
        specifier: ^2.5.6
        version: 2.10.9
      typescript:
        specifier: ^5.9.2
        version: 5.9.3

  apps/server:
    dependencies:
      '@coding-cad/architecture-dsl':
        specifier: workspace:*
        version: link:../../packages/architecture-dsl
      '@coding-cad/architecture-validator':
        specifier: workspace:*
        version: link:../../packages/architecture-validator
    devDependencies:
      typescript:
        specifier: ^5.9.2
        version: 5.9.3

  apps/web:
    dependencies:
      '@coding-cad/architecture-ir':
        specifier: workspace:*
        version: link:../../packages/architecture-ir
    devDependencies:
      typescript:
        specifier: ^5.9.2
        version: 5.9.3

  packages/agent-runtime:
    dependencies:
      '@coding-cad/architecture-ir':
        specifier: workspace:*
        version: link:../architecture-ir
    devDependencies:
      typescript:
        specifier: ^5.9.2
        version: 5.9.3

  packages/architecture-dsl:
    dependencies:
      '@coding-cad/architecture-ir':
        specifier: workspace:*
        version: link:../architecture-ir
      yaml:
        specifier: ^2.8.0
        version: 2.9.0
    devDependencies:
      typescript:
        specifier: ^5.9.2
        version: 5.9.3

  packages/architecture-ir:
    devDependencies:
      typescript:
        specifier: ^5.9.2
        version: 5.9.3

  packages/architecture-validator:
    dependencies:
      '@coding-cad/architecture-ir':
        specifier: workspace:*
        version: link:../architecture-ir
      '@coding-cad/component-registry':
        specifier: workspace:*
        version: link:../component-registry
    devDependencies:
      typescript:
        specifier: ^5.9.2
        version: 5.9.3

  packages/cli:
    dependencies:
      '@coding-cad/architecture-dsl':
        specifier: workspace:*
        version: link:../architecture-dsl
      '@coding-cad/architecture-ir':
        specifier: workspace:*
        version: link:../architecture-ir
      '@coding-cad/architecture-validator':
        specifier: workspace:*
        version: link:../architecture-validator
      '@coding-cad/component-registry':
        specifier: workspace:*
        version: link:../component-registry
    devDependencies:
      typescript:
        specifier: ^5.9.2
        version: 5.9.3

  packages/component-registry:
    dependencies:
      '@coding-cad/architecture-ir':
        specifier: workspace:*
        version: link:../architecture-ir
    devDependencies:
      typescript:
        specifier: ^5.9.2
        version: 5.9.3

packages:

  '@turbo/darwin-64@2.10.9':
    resolution: {integrity: sha512-Jh+pTGXLNz8+1tkUU13TI/f+ZOI+OvC4YbHi1H+57iSpLt5DR3xgptd+4sA07RdjdRR/RX/01uQQu2OkbzIefA==}
    cpu: [x64]
    os: [darwin]

  '@turbo/darwin-arm64@2.10.9':
    resolution: {integrity: sha512-aqtpPkiIC4IUas8Vv27oJ3aDfTuP1d5wofd01dZ7gfhHRrIKuFdqQb4imvNnVFahcOViF9Jh8Oi7feDoz8/ciA==}
    cpu: [arm64]
    os: [darwin]

  '@turbo/linux-64@2.10.9':
    resolution: {integrity: sha512-XyAneUBsS5uNOUOjBSs81zyigMVwwhVUd3u7F2JFMKGQk6F7eNAiOEBASJ+aHLldjYsOEjhfW+5gWIqwziyFFw==}
    cpu: [x64]
    os: [android, linux]

  '@turbo/linux-arm64@2.10.9':
    resolution: {integrity: sha512-5jAcldLnkuWIjujGhCn2MGIeUwW8IVNOq9Sce4EEzzgLcxmhTasbV0RiW6ZkaRdOjmOCGzeNXPLkDJEOIucOLw==}
    cpu: [arm64]
    os: [android, linux]

  '@turbo/windows-64@2.10.9':
    resolution: {integrity: sha512-u1xGpGlefzuhBedbt/VR2nWdftfFVZwPeDg9e5uZl68sV1fL3HNYTNr5VyHkzgtPK2VTYg1x4OKZuGrh1Gvhtg==}
    cpu: [x64]
    os: [win32]

  '@turbo/windows-arm64@2.10.9':
    resolution: {integrity: sha512-W2Ub165Qv0iMFljbYKxxbZN+2dVSngnzEjQNEFXtnz5oJVx9XSypmNmUvMtuYMeZ3kdVC1zI7yd/rtuX+SDnbg==}
    cpu: [arm64]
    os: [win32]

  '@types/node@26.2.0':
    resolution: {integrity: sha512-5IviulTZeRNp2vAJ514cc/HUlY5nZ9fCbq9DMyC52BrhFZACo3nI0R7qBxhQmo/d27NFe96ur/b7Wwxklda+kg==}

  turbo@2.10.9:
    resolution: {integrity: sha512-Yl9+ukxH+UmPtKidpDkjn82tvPoEvFNb9UACd9vUomN1Ft0cwl3rx0P8yC1D93W9EOsWRMjllvIDG8y25sFOog==}
    hasBin: true

  typescript@5.9.3:
    resolution: {integrity: sha512-jl1vZzPDinLr9eUt3J/t7V6FgNEw9QjvBPdysz9KfQDD41fQrC2Y4vKQdiaUpFT4bXlb1RHhLpp8wtm6M5TgSw==}
    engines: {node: '>=14.17'}
    hasBin: true

  undici-types@8.3.0:
    resolution: {integrity: sha512-j375ScV60dom+YkPFIfTLcOiPxkN/buHz5GobjLhixFuANaNs3C9l4GmrWqejgXWJ7BbJcFYpTEUkS1Ge8bpZQ==}

  yaml@2.9.0:
    resolution: {integrity: sha512-2AvhNX3mb8zd6Zy7INTtSpl1F15HW6Wnqj0srWlkKLcpYl/gMIMJiyuGq2KeI2YFxUPjdlB+3Lc10seMLtL4cA==}
    engines: {node: '>= 14.6'}
    hasBin: true

snapshots:

  '@turbo/darwin-64@2.10.9':
    optional: true

  '@turbo/darwin-arm64@2.10.9':
    optional: true

  '@turbo/linux-64@2.10.9':
    optional: true

  '@turbo/linux-arm64@2.10.9':
    optional: true

  '@turbo/windows-64@2.10.9':
    optional: true

  '@turbo/windows-arm64@2.10.9':
    optional: true

  '@types/node@26.2.0':
    dependencies:
      undici-types: 8.3.0

  turbo@2.10.9:
    optionalDependencies:
      '@turbo/darwin-64': 2.10.9
      '@turbo/darwin-arm64': 2.10.9
      '@turbo/linux-64': 2.10.9
      '@turbo/linux-arm64': 2.10.9
      '@turbo/windows-64': 2.10.9
      '@turbo/windows-arm64': 2.10.9

  typescript@5.9.3: {}

  undici-types@8.3.0: {}

  yaml@2.9.0: {}
